// !$*UTF8*$!
{
	archiveVersion = 1;
	classes = {
	};
	objectVersion = 48;
	objects = {

/* Begin PBXBuildFile section */
		BE000C261FF9451F00D06B91 /* AppDelegate.swift in Sources */ = {isa = PBXBuildFile; fileRef = BE000C251FF9451F00D06B91 /* AppDelegate.swift */; };
		BE000C281FF9451F00D06B91 /* DocumentBrowserViewController.swift in Sources */ = {isa = PBXBuildFile; fileRef = BE000C271FF9451F00D06B91 /* DocumentBrowserViewController.swift */; };
		BE000C2A1FF9451F00D06B91 /* DocumentViewController.swift in Sources */ = {isa = PBXBuildFile; fileRef = BE000C291FF9451F00D06B91 /* DocumentViewController.swift */; };
		BE000C2C1FF9451F00D06B91 /* Document.swift in Sources */ = {isa = PBXBuildFile; fileRef = BE000C2B1FF9451F00D06B91 /* Document.swift */; };
		BE000C2F1FF9451F00D06B91 /* Main.storyboard in Resources */ = {isa = PBXBuildFile; fileRef = BE000C2D1FF9451F00D06B91 /* Main.storyboard */; };
		BE000C311FF9451F00D06B91 /* Assets.xcassets in Resources */ = {isa = PBXBuildFile; fileRef = BE000C301FF9451F00D06B91 /* Assets.xcassets */; };
		BE000C341FF9451F00D06B91 /* LaunchScreen.storyboard in Resources */ = {isa = PBXBuildFile; fileRef = BE000C321FF9451F00D06B91 /* LaunchScreen.storyboard */; };
		BE31644E1FF95FF00071AE58 /* DocumentManager.swift in Sources */ = {isa = PBXBuildFile; fileRef = BE31644D1FF95FF00071AE58 /* DocumentManager.swift */; };
		BE3BE749205B046E0044356A /* UITableViewCell+Labels.swift in Sources */ = {isa = PBXBuildFile; fileRef = BE3BE748205B046E0044356A /* UITableViewCell+Labels.swift */; };
		BE5CE1132059AA2500158BE9 /* StoryboardFactory.swift in Sources */ = {isa = PBXBuildFile; fileRef = BE5CE1122059AA2500158BE9 /* StoryboardFactory.swift */; };
		BE5CE1152059AB5E00158BE9 /* Theme.swift in Sources */ = {isa = PBXBuildFile; fileRef = BE5CE1142059AB5E00158BE9 /* Theme.swift */; };
		BECE40FA2038DB67004889F0 /* UIViewController+Alerts.swift in Sources */ = {isa = PBXBuildFile; fileRef = BECE40F92038DB67004889F0 /* UIViewController+Alerts.swift */; };
		BECE41042038DD45004889F0 /* UIColor+Named.swift in Sources */ = {isa = PBXBuildFile; fileRef = BECE41032038DD45004889F0 /* UIColor+Named.swift */; };
		BED3CAB420543936007968FF /* SettingsViewController.swift in Sources */ = {isa = PBXBuildFile; fileRef = BED3CAB320543936007968FF /* SettingsViewController.swift */; };
		BED6707D201BB1B200D04AD5 /* KeyboardObserver.swift in Sources */ = {isa = PBXBuildFile; fileRef = BED6707C201BB1B200D04AD5 /* KeyboardObserver.swift */; };
		BEDDAB152058745300AC9396 /* Notification+Name.swift in Sources */ = {isa = PBXBuildFile; fileRef = BEDDAB142058745300AC9396 /* Notification+Name.swift */; };
		BEDDAB1720587C1700AC9396 /* UserDefaultsController.swift in Sources */ = {isa = PBXBuildFile; fileRef = BEDDAB1620587C1700AC9396 /* UserDefaultsController.swift */; };
		BEDDAB192058811F00AC9396 /* Bundle+Info.swift in Sources */ = {isa = PBXBuildFile; fileRef = BEDDAB182058811F00AC9396 /* Bundle+Info.swift */; };
		BEDDAB1B2058813800AC9396 /* UIDevice+Name.swift in Sources */ = {isa = PBXBuildFile; fileRef = BEDDAB1A2058813800AC9396 /* UIDevice+Name.swift */; };
		BEFE545020697B1000FEFE93 /* FontPickerViewController.swift in Sources */ = {isa = PBXBuildFile; fileRef = BEFE544F20697B1000FEFE93 /* FontPickerViewController.swift */; };
/* End PBXBuildFile section */

/* Begin PBXFileReference section */
		BE000C221FF9451F00D06B91 /* Plita.app */ = {isa = PBXFileReference; explicitFileType = wrapper.application; includeInIndex = 0; path = Plita.app; sourceTree = BUILT_PRODUCTS_DIR; };
		BE000C251FF9451F00D06B91 /* AppDelegate.swift */ = {isa = PBXFileReference; lastKnownFileType = sourcecode.swift; path = AppDelegate.swift; sourceTree = "<group>"; };
		BE000C271FF9451F00D06B91 /* DocumentBrowserViewController.swift */ = {isa = PBXFileReference; lastKnownFileType = sourcecode.swift; path = DocumentBrowserViewController.swift; sourceTree = "<group>"; };
		BE000C291FF9451F00D06B91 /* DocumentViewController.swift */ = {isa = PBXFileReference; lastKnownFileType = sourcecode.swift; path = DocumentViewController.swift; sourceTree = "<group>"; };
		BE000C2B1FF9451F00D06B91 /* Document.swift */ = {isa = PBXFileReference; lastKnownFileType = sourcecode.swift; path = Document.swift; sourceTree = "<group>"; };
		BE000C2E1FF9451F00D06B91 /* Base */ = {isa = PBXFileReference; lastKnownFileType = file.storyboard; name = Base; path = Base.lproj/Main.storyboard; sourceTree = "<group>"; };
		BE000C301FF9451F00D06B91 /* Assets.xcassets */ = {isa = PBXFileReference; lastKnownFileType = folder.assetcatalog; path = Assets.xcassets; sourceTree = "<group>"; };
		BE000C331FF9451F00D06B91 /* Base */ = {isa = PBXFileReference; lastKnownFileType = file.storyboard; name = Base; path = Base.lproj/LaunchScreen.storyboard; sourceTree = "<group>"; };
		BE000C351FF9451F00D06B91 /* Info.plist */ = {isa = PBXFileReference; lastKnownFileType = text.plist.xml; path = Info.plist; sourceTree = "<group>"; };
		BE000C3B1FF94F9B00D06B91 /* Plita.entitlements */ = {isa = PBXFileReference; lastKnownFileType = text.plist.entitlements; path = Plita.entitlements; sourceTree = "<group>"; };
		BE31644D1FF95FF00071AE58 /* DocumentManager.swift */ = {isa = PBXFileReference; lastKnownFileType = sourcecode.swift; path = DocumentManager.swift; sourceTree = "<group>"; };
		BE3BE748205B046E0044356A /* UITableViewCell+Labels.swift */ = {isa = PBXFileReference; lastKnownFileType = sourcecode.swift; path = "UITableViewCell+Labels.swift"; sourceTree = "<group>"; };
		BE5CE1122059AA2500158BE9 /* StoryboardFactory.swift */ = {isa = PBXFileReference; lastKnownFileType = sourcecode.swift; path = StoryboardFactory.swift; sourceTree = "<group>"; };
		BE5CE1142059AB5E00158BE9 /* Theme.swift */ = {isa = PBXFileReference; lastKnownFileType = sourcecode.swift; path = Theme.swift; sourceTree = "<group>"; };
		BECE40F92038DB67004889F0 /* UIViewController+Alerts.swift */ = {isa = PBXFileReference; lastKnownFileType = sourcecode.swift; path = "UIViewController+Alerts.swift"; sourceTree = "<group>"; };
		BECE41032038DD45004889F0 /* UIColor+Named.swift */ = {isa = PBXFileReference; lastKnownFileType = sourcecode.swift; path = "UIColor+Named.swift"; sourceTree = "<group>"; };
		BED3CAB320543936007968FF /* SettingsViewController.swift */ = {isa = PBXFileReference; lastKnownFileType = sourcecode.swift; path = SettingsViewController.swift; sourceTree = "<group>"; };
		BED6707C201BB1B200D04AD5 /* KeyboardObserver.swift */ = {isa = PBXFileReference; fileEncoding = 4; lastKnownFileType = sourcecode.swift; path = KeyboardObserver.swift; sourceTree = "<group>"; };
		BEDDAB142058745300AC9396 /* Notification+Name.swift */ = {isa = PBXFileReference; lastKnownFileType = sourcecode.swift; path = "Notification+Name.swift"; sourceTree = "<group>"; };
		BEDDAB1620587C1700AC9396 /* UserDefaultsController.swift */ = {isa = PBXFileReference; lastKnownFileType = sourcecode.swift; path = UserDefaultsController.swift; sourceTree = "<group>"; };
		BEDDAB182058811F00AC9396 /* Bundle+Info.swift */ = {isa = PBXFileReference; lastKnownFileType = sourcecode.swift; path = "Bundle+Info.swift"; sourceTree = "<group>"; };
		BEDDAB1A2058813800AC9396 /* UIDevice+Name.swift */ = {isa = PBXFileReference; lastKnownFileType = sourcecode.swift; path = "UIDevice+Name.swift"; sourceTree = "<group>"; };
		BEFE544F20697B1000FEFE93 /* FontPickerViewController.swift */ = {isa = PBXFileReference; fileEncoding = 4; lastKnownFileType = sourcecode.swift; path = FontPickerViewController.swift; sourceTree = "<group>"; };
/* End PBXFileReference section */

/* Begin PBXFrameworksBuildPhase section */
		BE000C1F1FF9451F00D06B91 /* Frameworks */ = {
			isa = PBXFrameworksBuildPhase;
			buildActionMask = 2147483647;
			files = (
			);
			runOnlyForDeploymentPostprocessing = 0;
		};
/* End PBXFrameworksBuildPhase section */

/* Begin PBXGroup section */
		BE000C191FF9451F00D06B91 = {
			isa = PBXGroup;
			children = (
				BE000C241FF9451F00D06B91 /* Plita */,
				BE000C231FF9451F00D06B91 /* Products */,
				FF48B97708CE1B3F9B5381B1 /* Frameworks */,
			);
			sourceTree = "<group>";
			usesTabs = 1;
		};
		BE000C231FF9451F00D06B91 /* Products */ = {
			isa = PBXGroup;
			children = (
				BE000C221FF9451F00D06B91 /* Plita.app */,
			);
			name = Products;
			sourceTree = "<group>";
		};
		BE000C241FF9451F00D06B91 /* Plita */ = {
			isa = PBXGroup;
			children = (
				BECE41022038DCF5004889F0 /* Model */,
				BECE41012038DCED004889F0 /* Controller */,
				BECE41002038DCE9004889F0 /* Util */,
				BE000C3B1FF94F9B00D06B91 /* Plita.entitlements */,
				BE000C251FF9451F00D06B91 /* AppDelegate.swift */,
				BE000C2D1FF9451F00D06B91 /* Main.storyboard */,
				BE000C301FF9451F00D06B91 /* Assets.xcassets */,
				BE000C321FF9451F00D06B91 /* LaunchScreen.storyboard */,
				BE000C351FF9451F00D06B91 /* Info.plist */,
			);
			path = Plita;
			sourceTree = "<group>";
		};
		BECE41002038DCE9004889F0 /* Util */ = {
			isa = PBXGroup;
			children = (
				BED6707C201BB1B200D04AD5 /* KeyboardObserver.swift */,
				BE31644D1FF95FF00071AE58 /* DocumentManager.swift */,
				BECE40F92038DB67004889F0 /* UIViewController+Alerts.swift */,
				BECE41032038DD45004889F0 /* UIColor+Named.swift */,
				BEDDAB142058745300AC9396 /* Notification+Name.swift */,
				BEDDAB1620587C1700AC9396 /* UserDefaultsController.swift */,
				BEDDAB182058811F00AC9396 /* Bundle+Info.swift */,
				BEDDAB1A2058813800AC9396 /* UIDevice+Name.swift */,
				BE5CE1122059AA2500158BE9 /* StoryboardFactory.swift */,
				BE3BE748205B046E0044356A /* UITableViewCell+Labels.swift */,
			);
			path = Util;
			sourceTree = "<group>";
		};
		BECE41012038DCED004889F0 /* Controller */ = {
			isa = PBXGroup;
			children = (
				BE000C271FF9451F00D06B91 /* DocumentBrowserViewController.swift */,
				BE000C291FF9451F00D06B91 /* DocumentViewController.swift */,
				BEFE544F20697B1000FEFE93 /* FontPickerViewController.swift */,
				BED3CAB320543936007968FF /* SettingsViewController.swift */,
			);
			path = Controller;
			sourceTree = "<group>";
		};
		BECE41022038DCF5004889F0 /* Model */ = {
			isa = PBXGroup;
			children = (
				BE000C2B1FF9451F00D06B91 /* Document.swift */,
				BE5CE1142059AB5E00158BE9 /* Theme.swift */,
			);
			path = Model;
			sourceTree = "<group>";
		};
		FF48B97708CE1B3F9B5381B1 /* Frameworks */ = {
			isa = PBXGroup;
			children = (
			);
			name = Frameworks;
			sourceTree = "<group>";
		};
/* End PBXGroup section */

/* Begin PBXNativeTarget section */
		BE000C211FF9451F00D06B91 /* Plita */ = {
			isa = PBXNativeTarget;
			buildConfigurationList = BE000C381FF9451F00D06B91 /* Build configuration list for PBXNativeTarget "Plita" */;
			buildPhases = (
				BE000C1E1FF9451F00D06B91 /* Sources */,
				BE000C1F1FF9451F00D06B91 /* Frameworks */,
				BE000C201FF9451F00D06B91 /* Resources */,
			);
			buildRules = (
			);
			dependencies = (
			);
			name = Plita;
			productName = "Text Editor";
			productReference = BE000C221FF9451F00D06B91 /* Plita.app */;
			productType = "com.apple.product-type.application";
		};
/* End PBXNativeTarget section */

/* Begin PBXProject section */
		BE000C1A1FF9451F00D06B91 /* Project object */ = {
			isa = PBXProject;
			attributes = {
				LastSwiftUpdateCheck = 0920;
				LastUpgradeCheck = 0930;
				ORGANIZATIONNAME = "Silver Fox";
				TargetAttributes = {
					BE000C211FF9451F00D06B91 = {
						CreatedOnToolsVersion = 9.2;
						LastSwiftMigration = 1010;
						ProvisioningStyle = Automatic;
						SystemCapabilities = {
							com.apple.iCloud = {
								enabled = 1;
							};
						};
					};
				};
			};
			buildConfigurationList = BE000C1D1FF9451F00D06B91 /* Build configuration list for PBXProject "Plita" */;
			compatibilityVersion = "Xcode 8.0";
			developmentRegion = en;
			hasScannedForEncodings = 0;
			knownRegions = (
				en,
				Base,
			);
			mainGroup = BE000C191FF9451F00D06B91;
			productRefGroup = BE000C231FF9451F00D06B91 /* Products */;
			projectDirPath = "";
			projectRoot = "";
			targets = (
				BE000C211FF9451F00D06B91 /* Plita */,
			);
		};
/* End PBXProject section */

/* Begin PBXResourcesBuildPhase section */
		BE000C201FF9451F00D06B91 /* Resources */ = {
			isa = PBXResourcesBuildPhase;
			buildActionMask = 2147483647;
			files = (
				BE000C341FF9451F00D06B91 /* LaunchScreen.storyboard in Resources */,
				BE000C311FF9451F00D06B91 /* Assets.xcassets in Resources */,
				BE000C2F1FF9451F00D06B91 /* Main.storyboard in Resources */,
			);
			runOnlyForDeploymentPostprocessing = 0;
		};
/* End PBXResourcesBuildPhase section */

/* Begin PBXSourcesBuildPhase section */
		BE000C1E1FF9451F00D06B91 /* Sources */ = {
			isa = PBXSourcesBuildPhase;
			buildActionMask = 2147483647;
			files = (
				BE000C2C1FF9451F00D06B91 /* Document.swift in Sources */,
				BEDDAB1720587C1700AC9396 /* UserDefaultsController.swift in Sources */,
				BE000C2A1FF9451F00D06B91 /* DocumentViewController.swift in Sources */,
				BEDDAB1B2058813800AC9396 /* UIDevice+Name.swift in Sources */,
				BEFE545020697B1000FEFE93 /* FontPickerViewController.swift in Sources */,
				BE000C281FF9451F00D06B91 /* DocumentBrowserViewController.swift in Sources */,
				BECE41042038DD45004889F0 /* UIColor+Named.swift in Sources */,
				BE3BE749205B046E0044356A /* UITableViewCell+Labels.swift in Sources */,
				BE000C261FF9451F00D06B91 /* AppDelegate.swift in Sources */,
				BE5CE1132059AA2500158BE9 /* StoryboardFactory.swift in Sources */,
				BED6707D201BB1B200D04AD5 /* KeyboardObserver.swift in Sources */,
				BECE40FA2038DB67004889F0 /* UIViewController+Alerts.swift in Sources */,
				BEDDAB152058745300AC9396 /* Notification+Name.swift in Sources */,
				BEDDAB192058811F00AC9396 /* Bundle+Info.swift in Sources */,
				BE5CE1152059AB5E00158BE9 /* Theme.swift in Sources */,
				BE31644E1FF95FF00071AE58 /* DocumentManager.swift in Sources */,
				BED3CAB420543936007968FF /* SettingsViewController.swift in Sources */,
			);
			runOnlyForDeploymentPostprocessing = 0;
		};
/* End PBXSourcesBuildPhase section */

/* Begin PBXVariantGroup section */
		BE000C2D1FF9451F00D06B91 /* Main.storyboard */ = {
			isa = PBXVariantGroup;
			children = (
				BE000C2E1FF9451F00D06B91 /* Base */,
			);
			name = Main.storyboard;
			sourceTree = "<group>";
		};
		BE000C321FF9451F00D06B91 /* LaunchScreen.storyboard */ = {
			isa = PBXVariantGroup;
			children = (
				BE000C331FF9451F00D06B91 /* Base */,
			);
			name = LaunchScreen.storyboard;
			sourceTree = "<group>";
		};
/* End PBXVariantGroup section */

/* Begin XCBuildConfiguration section */
		BE000C361FF9451F00D06B91 /* Debug */ = {
			isa = XCBuildConfiguration;
			buildSettings = {
				ALWAYS_SEARCH_USER_PATHS = NO;
				CLANG_ANALYZER_NONNULL = YES;
				CLANG_ANALYZER_NUMBER_OBJECT_CONVERSION = YES_AGGRESSIVE;
				CLANG_CXX_LANGUAGE_STANDARD = "gnu++14";
				CLANG_CXX_LIBRARY = "libc++";
				CLANG_ENABLE_MODULES = YES;
				CLANG_ENABLE_OBJC_ARC = YES;
				CLANG_WARN_BLOCK_CAPTURE_AUTORELEASING = YES;
				CLANG_WARN_BOOL_CONVERSION = YES;
				CLANG_WARN_COMMA = YES;
				CLANG_WARN_CONSTANT_CONVERSION = YES;
				CLANG_WARN_DEPRECATED_OBJC_IMPLEMENTATIONS = YES;
				CLANG_WARN_DIRECT_OBJC_ISA_USAGE = YES_ERROR;
				CLANG_WARN_DOCUMENTATION_COMMENTS = YES;
				CLANG_WARN_EMPTY_BODY = YES;
				CLANG_WARN_ENUM_CONVERSION = YES;
				CLANG_WARN_INFINITE_RECURSION = YES;
				CLANG_WARN_INT_CONVERSION = YES;
				CLANG_WARN_NON_LITERAL_NULL_CONVERSION = YES;
				CLANG_WARN_OBJC_IMPLICIT_RETAIN_SELF = YES;
				CLANG_WARN_OBJC_LITERAL_CONVERSION = YES;
				CLANG_WARN_OBJC_ROOT_CLASS = YES_ERROR;
				CLANG_WARN_RANGE_LOOP_ANALYSIS = YES;
				CLANG_WARN_STRICT_PROTOTYPES = YES;
				CLANG_WARN_SUSPICIOUS_MOVE = YES;
				CLANG_WARN_UNGUARDED_AVAILABILITY = YES_AGGRESSIVE;
				CLANG_WARN_UNREACHABLE_CODE = YES;
				CLANG_WARN__DUPLICATE_METHOD_MATCH = YES;
				CODE_SIGN_IDENTITY = "iPhone Developer";
				COPY_PHASE_STRIP = NO;
				DEBUG_INFORMATION_FORMAT = dwarf;
				ENABLE_STRICT_OBJC_MSGSEND = YES;
				ENABLE_TESTABILITY = YES;
				GCC_C_LANGUAGE_STANDARD = gnu11;
				GCC_DYNAMIC_NO_PIC = NO;
				GCC_NO_COMMON_BLOCKS = YES;
				GCC_OPTIMIZATION_LEVEL = 0;
				GCC_PREPROCESSOR_DEFINITIONS = (
					"DEBUG=1",
					"$(inherited)",
				);
				GCC_WARN_64_TO_32_BIT_CONVERSION = YES;
				GCC_WARN_ABOUT_RETURN_TYPE = YES_ERROR;
				GCC_WARN_UNDECLARED_SELECTOR = YES;
				GCC_WARN_UNINITIALIZED_AUTOS = YES_AGGRESSIVE;
				GCC_WARN_UNUSED_FUNCTION = YES;
				GCC_WARN_UNUSED_VARIABLE = YES;
				IPHONEOS_DEPLOYMENT_TARGET = 11.0;
				MTL_ENABLE_DEBUG_INFO = YES;
				ONLY_ACTIVE_ARCH = YES;
				SDKROOT = iphoneos;
				SWIFT_ACTIVE_COMPILATION_CONDITIONS = DEBUG;
				SWIFT_OPTIMIZATION_LEVEL = "-Onone";
			};
			name = Debug;
		};
		BE000C371FF9451F00D06B91 /* Release */ = {
			isa = XCBuildConfiguration;
			buildSettings = {
				ALWAYS_SEARCH_USER_PATHS = NO;
				CLANG_ANALYZER_NONNULL = YES;
				CLANG_ANALYZER_NUMBER_OBJECT_CONVERSION = YES_AGGRESSIVE;
				CLANG_CXX_LANGUAGE_STANDARD = "gnu++14";
				CLANG_CXX_LIBRARY = "libc++";
				CLANG_ENABLE_MODULES = YES;
				CLANG_ENABLE_OBJC_ARC = YES;
				CLANG_WARN_BLOCK_CAPTURE_AUTORELEASING = YES;
				CLANG_WARN_BOOL_CONVERSION = YES;
				CLANG_WARN_COMMA = YES;
				CLANG_WARN_CONSTANT_CONVERSION = YES;
				CLANG_WARN_DEPRECATED_OBJC_IMPLEMENTATIONS = YES;
				CLANG_WARN_DIRECT_OBJC_ISA_USAGE = YES_ERROR;
				CLANG_WARN_DOCUMENTATION_COMMENTS = YES;
				CLANG_WARN_EMPTY_BODY = YES;
				CLANG_WARN_ENUM_CONVERSION = YES;
				CLANG_WARN_INFINITE_RECURSION = YES;
				CLANG_WARN_INT_CONVERSION = YES;
				CLANG_WARN_NON_LITERAL_NULL_CONVERSION = YES;
				CLANG_WARN_OBJC_IMPLICIT_RETAIN_SELF = YES;
				CLANG_WARN_OBJC_LITERAL_CONVERSION = YES;
				CLANG_WARN_OBJC_ROOT_CLASS = YES_ERROR;
				CLANG_WARN_RANGE_LOOP_ANALYSIS = YES;
				CLANG_WARN_STRICT_PROTOTYPES = YES;
				CLANG_WARN_SUSPICIOUS_MOVE = YES;
				CLANG_WARN_UNGUARDED_AVAILABILITY = YES_AGGRESSIVE;
				CLANG_WARN_UNREACHABLE_CODE = YES;
				CLANG_WARN__DUPLICATE_METHOD_MATCH = YES;
				CODE_SIGN_IDENTITY = "iPhone Developer";
				COPY_PHASE_STRIP = NO;
				DEBUG_INFORMATION_FORMAT = "dwarf-with-dsym";
				ENABLE_NS_ASSERTIONS = NO;
				ENABLE_STRICT_OBJC_MSGSEND = YES;
				GCC_C_LANGUAGE_STANDARD = gnu11;
				GCC_NO_COMMON_BLOCKS = YES;
				GCC_WARN_64_TO_32_BIT_CONVERSION = YES;
				GCC_WARN_ABOUT_RETURN_TYPE = YES_ERROR;
				GCC_WARN_UNDECLARED_SELECTOR = YES;
				GCC_WARN_UNINITIALIZED_AUTOS = YES_AGGRESSIVE;
				GCC_WARN_UNUSED_FUNCTION = YES;
				GCC_WARN_UNUSED_VARIABLE = YES;
				IPHONEOS_DEPLOYMENT_TARGET = 11.0;
				MTL_ENABLE_DEBUG_INFO = NO;
				SDKROOT = iphoneos;
				SWIFT_OPTIMIZATION_LEVEL = "-Owholemodule";
				VALIDATE_PRODUCT = YES;
			};
			name = Release;
		};
		BE000C391FF9451F00D06B91 /* Debug */ = {
			isa = XCBuildConfiguration;
			buildSettings = {
				ASSETCATALOG_COMPILER_APPICON_NAME = AppIcon;
				CODE_SIGN_ENTITLEMENTS = Plita/Plita.entitlements;
				"CODE_SIGN_IDENTITY[sdk=iphoneos*]" = "iPhone Developer";
				CODE_SIGN_STYLE = Automatic;
				DEVELOPMENT_TEAM = 6Q962CA6TS;
				INFOPLIST_FILE = "$(SRCROOT)/Plita/Info.plist";
				IPHONEOS_DEPLOYMENT_TARGET = 11.0;
				LD_RUNPATH_SEARCH_PATHS = "$(inherited) @executable_path/Frameworks";
				PRODUCT_BUNDLE_IDENTIFIER = se.ozymandias.plaintexteditor;
				PRODUCT_NAME = "$(TARGET_NAME)";
				PROVISIONING_PROFILE = "";
				PROVISIONING_PROFILE_SPECIFIER = "";
				SWIFT_VERSION = 4.2;
				TARGETED_DEVICE_FAMILY = "1,2";
			};
			name = Debug;
		};
		BE000C3A1FF9451F00D06B91 /* Release */ = {
			isa = XCBuildConfiguration;
			buildSettings = {
				ASSETCATALOG_COMPILER_APPICON_NAME = AppIcon;
				CODE_SIGN_ENTITLEMENTS = Plita/Plita.entitlements;
				"CODE_SIGN_IDENTITY[sdk=iphoneos*]" = "iPhone Developer";
				CODE_SIGN_STYLE = Automatic;
				DEVELOPMENT_TEAM = 6Q962CA6TS;
				INFOPLIST_FILE = "$(SRCROOT)/Plita/Info.plist";
				IPHONEOS_DEPLOYMENT_TARGET = 11.0;
				LD_RUNPATH_SEARCH_PATHS = "$(inherited) @executable_path/Frameworks";
				PRODUCT_BUNDLE_IDENTIFIER = se.ozymandias.plaintexteditor;
				PRODUCT_NAME = "$(TARGET_NAME)";
				PROVISIONING_PROFILE_SPECIFIER = "";
				SWIFT_VERSION = 4.2;
				TARGETED_DEVICE_FAMILY = "1,2";
			};
			name = Release;
		};
/* End XCBuildConfiguration section */

/* Begin XCConfigurationList section */
		BE000C1D1FF9451F00D06B91 /* Build configuration list for PBXProject "Plita" */ = {
			isa = XCConfigurationList;
			buildConfigurations = (
				BE000C361FF9451F00D06B91 /* Debug */,
				BE000C371FF9451F00D06B91 /* Release */,
			);
			defaultConfigurationIsVisible = 0;
			defaultConfigurationName = Release;
		};
		BE000C381FF9451F00D06B91 /* Build configuration list for PBXNativeTarget "Plita" */ = {
			isa = XCConfigurationList;
			buildConfigurations = (
				BE000C391FF9451F00D06B91 /* Debug */,
				BE000C3A1FF9451F00D06B91 /* Release */,
			);
			defaultConfigurationIsVisible = 0;
			defaultConfigurationName = Release;
		};
/* End XCConfigurationList section */
	};
	rootObject = BE000C1A1FF9451F00D06B91 /* Project object */;
}
